
Microsoft Visual Studio Solution File, Format Version 12.00
# Visual Studio Version 17
VisualStudioVersion = 17.9.34607.119
MinimumVisualStudioVersion = 10.0.40219.1
Project("{FAE04EC0-301F-11D3-BF4B-00C04F79EFBC}") = "CentenarMareaUnire", "CentenarMareaUnire.csproj", "{257DC172-2DE6-436A-8827-EEEEB7E40EFA}"
EndProject
Global
	GlobalSection(SolutionConfigurationPlatforms) = preSolution
		Debug|Any CPU = Debug|Any CPU
		Release|Any CPU = Release|Any CPU
	EndGlobalSection
	GlobalSection(ProjectConfigurationPlatforms) = postSolution
		{257DC172-2DE6-436A-8827-EEEEB7E40EFA}.Debug|Any CPU.ActiveCfg = Debug|Any CPU
		{257DC172-2DE6-436A-8827-EEEEB7E40EFA}.Debug|Any CPU.Build.0 = Debug|Any CPU
		{257DC172-2DE6-436A-8827-EEEEB7E40EFA}.Release|Any CPU.ActiveCfg = Release|Any CPU
		{257DC172-2DE6-436A-8827-EEEEB7E40EFA}.Release|Any CPU.Build.0 = Release|Any CPU
	EndGlobalSection
	GlobalSection(SolutionProperties) = preSolution
		HideSolutionNode = FALSE
	EndGlobalSection
	GlobalSection(ExtensibilityGlobals) = postSolution
		SolutionGuid = {B17E240E-220A-4A4D-9A48-09BC8E319710}
	EndGlobalSection
EndGlobal
